
Microsoft Visual Studio Solution File, Format Version 12.00
# Visual Studio Version 17
VisualStudioVersion = 17.7.34018.315
MinimumVisualStudioVersion = 10.0.40219.1
Project("{9A19103F-16F7-4668-BE54-9A1E7A4F7556}") = "MongoDotNetDemo", "MongoDotNetDemo.csproj", "{9F8B7AE2-3380-4BE7-B5AA-D1E00DBDEBCD}"
EndProject
Global
	GlobalSection(SolutionConfigurationPlatforms) = preSolution
		Debug|Any CPU = Debug|Any CPU
		Release|Any CPU = Release|Any CPU
	EndGlobalSection
	GlobalSection(ProjectConfigurationPlatforms) = postSolution
		{9F8B7AE2-3380-4BE7-B5AA-D1E00DBDEBCD}.Debug|Any CPU.ActiveCfg = Debug|Any CPU
		{9F8B7AE2-3380-4BE7-B5AA-D1E00DBDEBCD}.Debug|Any CPU.Build.0 = Debug|Any CPU
		{9F8B7AE2-3380-4BE7-B5AA-D1E00DBDEBCD}.Release|Any CPU.ActiveCfg = Release|Any CPU
		{9F8B7AE2-3380-4BE7-B5AA-D1E00DBDEBCD}.Release|Any CPU.Build.0 = Release|Any CPU
	EndGlobalSection
	GlobalSection(SolutionProperties) = preSolution
		HideSolutionNode = FALSE
	EndGlobalSection
	GlobalSection(ExtensibilityGlobals) = postSolution
		SolutionGuid = {7500BB32-1919-4609-B48A-A8801EEA66F5}
	EndGlobalSection
EndGlobal
